
Microsoft Visual Studio Solution File, Format Version 12.00
# Visual Studio Version 16
VisualStudioVersion = 16.0.29709.97
MinimumVisualStudioVersion = 10.0.40219.1
Project("{9A19103F-16F7-4668-BE54-9A1E7A4F7556}") = "UnitTestFrameworkSamples", "UnitTestFrameworkSamples\UnitTestFrameworkSamples.csproj", "{F99CCFBF-3330-4009-9B1F-12B29CF68C46}"
EndProject
Project("{9A19103F-16F7-4668-BE54-9A1E7A4F7556}") = "MSTest", "MSTest\MSTest.csproj", "{42A52F5F-64ED-444D-BCFD-6D77016F53C1}"
EndProject
Project("{9A19103F-16F7-4668-BE54-9A1E7A4F7556}") = "MoqProject", "MoqProject\MoqProject.csproj", "{E5F82E15-8E55-4E0B-A0A4-57FC110F1E28}"
EndProject
Project("{9A19103F-16F7-4668-BE54-9A1E7A4F7556}") = "xUnitProject", "xUnitProject\xUnitProject.csproj", "{D323490A-EA45-4913-B6C6-DE7D368F524B}"
EndProject
Project("{9A19103F-16F7-4668-BE54-9A1E7A4F7556}") = "NSubstituteProject", "NSubstituteProject\NSubstituteProject.csproj", "{11F746AD-61D7-4069-93DC-2E555F877B4D}"
EndProject
Project("{2150E333-8FDC-42A3-9474-1A3956D46DE8}") = "UnitTests", "UnitTests", "{CD39BC36-9C72-47FD-BEEC-272EAF2FD3FF}"
EndProject
Project("{2150E333-8FDC-42A3-9474-1A3956D46DE8}") = "Retry", "Retry", "{A6AD6C49-77FF-49BA-8BEF-9B83B4E411F5}"
EndProject
Project("{9A19103F-16F7-4668-BE54-9A1E7A4F7556}") = "PollyProject", "PollyProject\PollyProject.csproj", "{DC24B974-1607-4D8D-984A-EC4CA2990870}"
EndProject
Project("{9A19103F-16F7-4668-BE54-9A1E7A4F7556}") = "FluentAssertionsProject", "FluentAssertionsProject\FluentAssertionsProject.csproj", "{4DF886DB-3834-4351-AFC5-6581872EB3E5}"
EndProject
Project("{9A19103F-16F7-4668-BE54-9A1E7A4F7556}") = "BenchmarkDotNetProject", "BenchmarkDotNetProject\BenchmarkDotNetProject.csproj", "{306C33CD-A750-4BB2-97CC-3EB012627352}"
EndProject
Project("{9A19103F-16F7-4668-BE54-9A1E7A4F7556}") = "AutofixtureProject", "AutofixtureProject\AutofixtureProject.csproj", "{39017E06-06F2-4F11-A5FC-6EE05F62E234}"
EndProject
Project("{9A19103F-16F7-4668-BE54-9A1E7A4F7556}") = "BogusProject", "BogusProject\BogusProject.csproj", "{0FC1C86A-BD3C-4822-B439-887BA4CF3549}"
EndProject
Project("{FAE04EC0-301F-11D3-BF4B-00C04F79EFBC}") = "EntityFrameworkProject", "EntityFrameworkProject\EntityFrameworkProject.csproj", "{27641820-4950-45D6-BE37-89CAE988351F}"
EndProject
Project("{2150E333-8FDC-42A3-9474-1A3956D46DE8}") = "Validation", "Validation", "{6000CE17-0FBD-4E3C-B25E-B14255A0046E}"
EndProject
Project("{9A19103F-16F7-4668-BE54-9A1E7A4F7556}") = "SimpleValidatorProject", "SimpleValidatorProject\SimpleValidatorProject.csproj", "{A9DA7CB1-7AF8-4FAC-AF59-1B593A760117}"
EndProject
Project("{9A19103F-16F7-4668-BE54-9A1E7A4F7556}") = "FluentValidationProject", "FluentValidationProject\FluentValidationProject.csproj", "{31CAB26D-D9BD-4F93-9A81-74643C1393F9}"
EndProject
Project("{9A19103F-16F7-4668-BE54-9A1E7A4F7556}") = "CSharpProject", "CSharpProject\CSharpProject.csproj", "{4675EA36-749F-4F6E-A1DF-D447CB28345B}"
EndProject
Project("{2150E333-8FDC-42A3-9474-1A3956D46DE8}") = "RestApi.Client", "RestApi.Client", "{478605C9-D3CB-45CC-A85F-B9A85583DEFB}"
EndProject
Project("{9A19103F-16F7-4668-BE54-9A1E7A4F7556}") = "RestSharpProject", "RestSharpProject\RestSharpProject.csproj", "{ACEE5A09-97B5-4063-BB3D-8D94861CEB6C}"
EndProject
Project("{2150E333-8FDC-42A3-9474-1A3956D46DE8}") = "Logging", "Logging", "{CADCCF6E-3A2F-40B9-B1A5-C7E9E0ED7C28}"
EndProject
Project("{9A19103F-16F7-4668-BE54-9A1E7A4F7556}") = "SerilogProject", "SerilogProject\SerilogProject.csproj", "{F27565B8-78CB-47A8-8A4C-D2A69B4D9D28}"
EndProject
Project("{9A19103F-16F7-4668-BE54-9A1E7A4F7556}") = "RefitProject", "RefitProject\RefitProject.csproj", "{F82DA595-D12C-4391-9AD0-ED7DA0ADD1F0}"
EndProject
Project("{2150E333-8FDC-42A3-9474-1A3956D46DE8}") = "Reflection", "Reflection", "{02695802-D543-4851-A4D5-0252B86C9189}"
EndProject
Project("{9A19103F-16F7-4668-BE54-9A1E7A4F7556}") = "SigilProject", "SigilProject\SigilProject.csproj", "{BB37B9E7-499C-4509-906D-CE1B6841B7EA}"
EndProject
Project("{2150E333-8FDC-42A3-9474-1A3956D46DE8}") = "Grpc.Server", "Grpc.Server", "{D041A33A-4DE0-45E9-8473-9BB3A3422DB7}"
EndProject
Project("{9A19103F-16F7-4668-BE54-9A1E7A4F7556}") = "GrpcServerProject", "GrpcServerProject\GrpcServerProject.csproj", "{4FD10822-B7B7-4D76-8E51-AAB0698DA8FD}"
EndProject
Project("{2150E333-8FDC-42A3-9474-1A3956D46DE8}") = "XcoAppSpace", "XcoAppSpace", "{ABAA1917-A10B-4BDA-AA75-2B8F98D654A8}"
EndProject
Project("{FAE04EC0-301F-11D3-BF4B-00C04F79EFBC}") = "XcoAppSpace.Server", "XcoAppSpace.Server\XcoAppSpace.Server.csproj", "{7923EB8D-CD1E-4F2E-88BC-D6F508157DC4}"
EndProject
Project("{FAE04EC0-301F-11D3-BF4B-00C04F79EFBC}") = "XcoAppSpace.Client", "XcoAppSpace.Client\XcoAppSpace.Client.csproj", "{A4B34FC9-B8CF-4525-A867-875FD4088B96}"
EndProject
Project("{2150E333-8FDC-42A3-9474-1A3956D46DE8}") = "RestApi.Server", "RestApi.Server", "{BF3EE28E-CC86-425B-A14F-0B034BFDBD8C}"
EndProject
Project("{9A19103F-16F7-4668-BE54-9A1E7A4F7556}") = "MinimalApiProject", "MinimalApiProject\MinimalApiProject.csproj", "{BE82EF2D-2B44-43C8-BF34-A1DFC3853B8E}"
EndProject
Project("{9A19103F-16F7-4668-BE54-9A1E7A4F7556}") = "WebApiVersioning", "WebApiVersioning\WebApiVersioning.csproj", "{6A42A0EB-4E2F-48E4-9EDD-1DE4995CB711}"
EndProject
Project("{2150E333-8FDC-42A3-9474-1A3956D46DE8}") = "ObjectRelationMapping", "ObjectRelationMapping", "{7D016462-6C37-419A-8E2E-3BA4FD507D35}"
EndProject
Project("{2150E333-8FDC-42A3-9474-1A3956D46DE8}") = "Benchmarking", "Benchmarking", "{4586BD46-9966-4403-8DD4-33D9E6E25AEC}"
EndProject
Project("{2150E333-8FDC-42A3-9474-1A3956D46DE8}") = "Serialisation", "Serialisation", "{A95AA7B3-B908-4A4B-A7CE-BB3B24AD48CD}"
EndProject
Project("{9A19103F-16F7-4668-BE54-9A1E7A4F7556}") = "Protobuf", "Protobuf\Protobuf.csproj", "{D6E3C866-C066-4F06-A095-1024A0268435}"
EndProject
Project("{2150E333-8FDC-42A3-9474-1A3956D46DE8}") = "DataGeneration", "DataGeneration", "{6BFB8565-A28D-4BB0-9B65-99E038BF8522}"
EndProject
Project("{2150E333-8FDC-42A3-9474-1A3956D46DE8}") = "Mocking", "Mocking", "{E35034D9-864E-41AE-9AE3-DD5ED22DF6BD}"
EndProject
Project("{9A19103F-16F7-4668-BE54-9A1E7A4F7556}") = "CarterMinimalApiSample", "CarterMinimalApiSample\CarterMinimalApiSample.csproj", "{ECA130BF-2F45-4481-AF23-6E3DE79BFC91}"
EndProject
Project("{9A19103F-16F7-4668-BE54-9A1E7A4F7556}") = "HealthCheckSample", "HealthCheckSample\HealthCheckSample.csproj", "{20BE6F2D-A469-4D0D-B5DF-FA6DAE583B94}"
EndProject
Project("{2150E333-8FDC-42A3-9474-1A3956D46DE8}") = "IocContainer", "IocContainer", "{137CB97E-EB9F-4B49-BD45-423923303A05}"
EndProject
Project("{9A19103F-16F7-4668-BE54-9A1E7A4F7556}") = "SimpleIocContainerSample", "SimpleIocContainerSample\SimpleIocContainerSample.csproj", "{62346D2C-C211-44C1-BB35-72A55A37C715}"
EndProject
Project("{9A19103F-16F7-4668-BE54-9A1E7A4F7556}") = "SimpleBenchmark", "SimpleBenchmark\SimpleBenchmark.csproj", "{E1A5E665-F460-4B2A-AF42-6F58A5F33FFB}"
EndProject
Project("{9A19103F-16F7-4668-BE54-9A1E7A4F7556}") = "SwaggerSample", "SwaggerSample\SwaggerSample.csproj", "{0AD57C21-D3EA-49D4-805B-960B30D61CDD}"
EndProject
Project("{9A19103F-16F7-4668-BE54-9A1E7A4F7556}") = "JsonUtf8", "JsonUtf8\JsonUtf8.csproj", "{13D0B2DC-D569-42FE-A6AA-7AF2BE6B8F8C}"
EndProject
Project("{9A19103F-16F7-4668-BE54-9A1E7A4F7556}") = "SystemText", "SystemText\SystemText.csproj", "{E05106B0-F56E-407A-8C69-A42B7C9C50B2}"
EndProject
Project("{FAE04EC0-301F-11D3-BF4B-00C04F79EFBC}") = "HarmonyProject", "HarmonyProject\HarmonyProject.csproj", "{063BC74A-37E8-41EB-A008-3E3FE3EA44BF}"
EndProject
Global
	GlobalSection(SolutionConfigurationPlatforms) = preSolution
		Debug|Any CPU = Debug|Any CPU
		Release|Any CPU = Release|Any CPU
	EndGlobalSection
	GlobalSection(ProjectConfigurationPlatforms) = postSolution
		{F99CCFBF-3330-4009-9B1F-12B29CF68C46}.Debug|Any CPU.ActiveCfg = Debug|Any CPU
		{F99CCFBF-3330-4009-9B1F-12B29CF68C46}.Debug|Any CPU.Build.0 = Debug|Any CPU
		{F99CCFBF-3330-4009-9B1F-12B29CF68C46}.Release|Any CPU.ActiveCfg = Release|Any CPU
		{F99CCFBF-3330-4009-9B1F-12B29CF68C46}.Release|Any CPU.Build.0 = Release|Any CPU
		{42A52F5F-64ED-444D-BCFD-6D77016F53C1}.Debug|Any CPU.ActiveCfg = Debug|Any CPU
		{42A52F5F-64ED-444D-BCFD-6D77016F53C1}.Debug|Any CPU.Build.0 = Debug|Any CPU
		{42A52F5F-64ED-444D-BCFD-6D77016F53C1}.Release|Any CPU.ActiveCfg = Release|Any CPU
		{42A52F5F-64ED-444D-BCFD-6D77016F53C1}.Release|Any CPU.Build.0 = Release|Any CPU
		{E5F82E15-8E55-4E0B-A0A4-57FC110F1E28}.Debug|Any CPU.ActiveCfg = Debug|Any CPU
		{E5F82E15-8E55-4E0B-A0A4-57FC110F1E28}.Debug|Any CPU.Build.0 = Debug|Any CPU
		{E5F82E15-8E55-4E0B-A0A4-57FC110F1E28}.Release|Any CPU.ActiveCfg = Release|Any CPU
		{E5F82E15-8E55-4E0B-A0A4-57FC110F1E28}.Release|Any CPU.Build.0 = Release|Any CPU
		{D323490A-EA45-4913-B6C6-DE7D368F524B}.Debug|Any CPU.ActiveCfg = Debug|Any CPU
		{D323490A-EA45-4913-B6C6-DE7D368F524B}.Debug|Any CPU.Build.0 = Debug|Any CPU
		{D323490A-EA45-4913-B6C6-DE7D368F524B}.Release|Any CPU.ActiveCfg = Release|Any CPU
		{D323490A-EA45-4913-B6C6-DE7D368F524B}.Release|Any CPU.Build.0 = Release|Any CPU
		{11F746AD-61D7-4069-93DC-2E555F877B4D}.Debug|Any CPU.ActiveCfg = Debug|Any CPU
		{11F746AD-61D7-4069-93DC-2E555F877B4D}.Debug|Any CPU.Build.0 = Debug|Any CPU
		{11F746AD-61D7-4069-93DC-2E555F877B4D}.Release|Any CPU.ActiveCfg = Release|Any CPU
		{11F746AD-61D7-4069-93DC-2E555F877B4D}.Release|Any CPU.Build.0 = Release|Any CPU
		{DC24B974-1607-4D8D-984A-EC4CA2990870}.Debug|Any CPU.ActiveCfg = Debug|Any CPU
		{DC24B974-1607-4D8D-984A-EC4CA2990870}.Debug|Any CPU.Build.0 = Debug|Any CPU
		{DC24B974-1607-4D8D-984A-EC4CA2990870}.Release|Any CPU.ActiveCfg = Release|Any CPU
		{DC24B974-1607-4D8D-984A-EC4CA2990870}.Release|Any CPU.Build.0 = Release|Any CPU
		{4DF886DB-3834-4351-AFC5-6581872EB3E5}.Debug|Any CPU.ActiveCfg = Debug|Any CPU
		{4DF886DB-3834-4351-AFC5-6581872EB3E5}.Debug|Any CPU.Build.0 = Debug|Any CPU
		{4DF886DB-3834-4351-AFC5-6581872EB3E5}.Release|Any CPU.ActiveCfg = Release|Any CPU
		{4DF886DB-3834-4351-AFC5-6581872EB3E5}.Release|Any CPU.Build.0 = Release|Any CPU
		{306C33CD-A750-4BB2-97CC-3EB012627352}.Debug|Any CPU.ActiveCfg = Debug|Any CPU
		{306C33CD-A750-4BB2-97CC-3EB012627352}.Debug|Any CPU.Build.0 = Debug|Any CPU
		{306C33CD-A750-4BB2-97CC-3EB012627352}.Release|Any CPU.ActiveCfg = Release|Any CPU
		{306C33CD-A750-4BB2-97CC-3EB012627352}.Release|Any CPU.Build.0 = Release|Any CPU
		{39017E06-06F2-4F11-A5FC-6EE05F62E234}.Debug|Any CPU.ActiveCfg = Debug|Any CPU
		{39017E06-06F2-4F11-A5FC-6EE05F62E234}.Debug|Any CPU.Build.0 = Debug|Any CPU
		{39017E06-06F2-4F11-A5FC-6EE05F62E234}.Release|Any CPU.ActiveCfg = Release|Any CPU
		{39017E06-06F2-4F11-A5FC-6EE05F62E234}.Release|Any CPU.Build.0 = Release|Any CPU
		{0FC1C86A-BD3C-4822-B439-887BA4CF3549}.Debug|Any CPU.ActiveCfg = Debug|Any CPU
		{0FC1C86A-BD3C-4822-B439-887BA4CF3549}.Debug|Any CPU.Build.0 = Debug|Any CPU
		{0FC1C86A-BD3C-4822-B439-887BA4CF3549}.Release|Any CPU.ActiveCfg = Release|Any CPU
		{0FC1C86A-BD3C-4822-B439-887BA4CF3549}.Release|Any CPU.Build.0 = Release|Any CPU
		{27641820-4950-45D6-BE37-89CAE988351F}.Debug|Any CPU.ActiveCfg = Debug|Any CPU
		{27641820-4950-45D6-BE37-89CAE988351F}.Debug|Any CPU.Build.0 = Debug|Any CPU
		{27641820-4950-45D6-BE37-89CAE988351F}.Release|Any CPU.ActiveCfg = Release|Any CPU
		{27641820-4950-45D6-BE37-89CAE988351F}.Release|Any CPU.Build.0 = Release|Any CPU
		{A9DA7CB1-7AF8-4FAC-AF59-1B593A760117}.Debug|Any CPU.ActiveCfg = Debug|Any CPU
		{A9DA7CB1-7AF8-4FAC-AF59-1B593A760117}.Debug|Any CPU.Build.0 = Debug|Any CPU
		{A9DA7CB1-7AF8-4FAC-AF59-1B593A760117}.Release|Any CPU.ActiveCfg = Release|Any CPU
		{A9DA7CB1-7AF8-4FAC-AF59-1B593A760117}.Release|Any CPU.Build.0 = Release|Any CPU
		{31CAB26D-D9BD-4F93-9A81-74643C1393F9}.Debug|Any CPU.ActiveCfg = Debug|Any CPU
		{31CAB26D-D9BD-4F93-9A81-74643C1393F9}.Debug|Any CPU.Build.0 = Debug|Any CPU
		{31CAB26D-D9BD-4F93-9A81-74643C1393F9}.Release|Any CPU.ActiveCfg = Release|Any CPU
		{31CAB26D-D9BD-4F93-9A81-74643C1393F9}.Release|Any CPU.Build.0 = Release|Any CPU
		{4675EA36-749F-4F6E-A1DF-D447CB28345B}.Debug|Any CPU.ActiveCfg = Debug|Any CPU
		{4675EA36-749F-4F6E-A1DF-D447CB28345B}.Debug|Any CPU.Build.0 = Debug|Any CPU
		{4675EA36-749F-4F6E-A1DF-D447CB28345B}.Release|Any CPU.ActiveCfg = Release|Any CPU
		{4675EA36-749F-4F6E-A1DF-D447CB28345B}.Release|Any CPU.Build.0 = Release|Any CPU
		{ACEE5A09-97B5-4063-BB3D-8D94861CEB6C}.Debug|Any CPU.ActiveCfg = Debug|Any CPU
		{ACEE5A09-97B5-4063-BB3D-8D94861CEB6C}.Debug|Any CPU.Build.0 = Debug|Any CPU
		{ACEE5A09-97B5-4063-BB3D-8D94861CEB6C}.Release|Any CPU.ActiveCfg = Release|Any CPU
		{ACEE5A09-97B5-4063-BB3D-8D94861CEB6C}.Release|Any CPU.Build.0 = Release|Any CPU
		{F27565B8-78CB-47A8-8A4C-D2A69B4D9D28}.Debug|Any CPU.ActiveCfg = Debug|Any CPU
		{F27565B8-78CB-47A8-8A4C-D2A69B4D9D28}.Debug|Any CPU.Build.0 = Debug|Any CPU
		{F27565B8-78CB-47A8-8A4C-D2A69B4D9D28}.Release|Any CPU.ActiveCfg = Release|Any CPU
		{F27565B8-78CB-47A8-8A4C-D2A69B4D9D28}.Release|Any CPU.Build.0 = Release|Any CPU
		{F82DA595-D12C-4391-9AD0-ED7DA0ADD1F0}.Debug|Any CPU.ActiveCfg = Debug|Any CPU
		{F82DA595-D12C-4391-9AD0-ED7DA0ADD1F0}.Debug|Any CPU.Build.0 = Debug|Any CPU
		{F82DA595-D12C-4391-9AD0-ED7DA0ADD1F0}.Release|Any CPU.ActiveCfg = Release|Any CPU
		{F82DA595-D12C-4391-9AD0-ED7DA0ADD1F0}.Release|Any CPU.Build.0 = Release|Any CPU
		{BB37B9E7-499C-4509-906D-CE1B6841B7EA}.Debug|Any CPU.ActiveCfg = Debug|Any CPU
		{BB37B9E7-499C-4509-906D-CE1B6841B7EA}.Debug|Any CPU.Build.0 = Debug|Any CPU
		{BB37B9E7-499C-4509-906D-CE1B6841B7EA}.Release|Any CPU.ActiveCfg = Release|Any CPU
		{BB37B9E7-499C-4509-906D-CE1B6841B7EA}.Release|Any CPU.Build.0 = Release|Any CPU
		{4FD10822-B7B7-4D76-8E51-AAB0698DA8FD}.Debug|Any CPU.ActiveCfg = Debug|Any CPU
		{4FD10822-B7B7-4D76-8E51-AAB0698DA8FD}.Debug|Any CPU.Build.0 = Debug|Any CPU
		{4FD10822-B7B7-4D76-8E51-AAB0698DA8FD}.Release|Any CPU.ActiveCfg = Release|Any CPU
		{4FD10822-B7B7-4D76-8E51-AAB0698DA8FD}.Release|Any CPU.Build.0 = Release|Any CPU
		{7923EB8D-CD1E-4F2E-88BC-D6F508157DC4}.Debug|Any CPU.ActiveCfg = Debug|Any CPU
		{7923EB8D-CD1E-4F2E-88BC-D6F508157DC4}.Debug|Any CPU.Build.0 = Debug|Any CPU
		{7923EB8D-CD1E-4F2E-88BC-D6F508157DC4}.Release|Any CPU.ActiveCfg = Release|Any CPU
		{7923EB8D-CD1E-4F2E-88BC-D6F508157DC4}.Release|Any CPU.Build.0 = Release|Any CPU
		{A4B34FC9-B8CF-4525-A867-875FD4088B96}.Debug|Any CPU.ActiveCfg = Debug|Any CPU
		{A4B34FC9-B8CF-4525-A867-875FD4088B96}.Debug|Any CPU.Build.0 = Debug|Any CPU
		{A4B34FC9-B8CF-4525-A867-875FD4088B96}.Release|Any CPU.ActiveCfg = Release|Any CPU
		{A4B34FC9-B8CF-4525-A867-875FD4088B96}.Release|Any CPU.Build.0 = Release|Any CPU
		{BE82EF2D-2B44-43C8-BF34-A1DFC3853B8E}.Debug|Any CPU.ActiveCfg = Debug|Any CPU
		{BE82EF2D-2B44-43C8-BF34-A1DFC3853B8E}.Debug|Any CPU.Build.0 = Debug|Any CPU
		{BE82EF2D-2B44-43C8-BF34-A1DFC3853B8E}.Release|Any CPU.ActiveCfg = Release|Any CPU
		{BE82EF2D-2B44-43C8-BF34-A1DFC3853B8E}.Release|Any CPU.Build.0 = Release|Any CPU
		{6A42A0EB-4E2F-48E4-9EDD-1DE4995CB711}.Debug|Any CPU.ActiveCfg = Debug|Any CPU
		{6A42A0EB-4E2F-48E4-9EDD-1DE4995CB711}.Debug|Any CPU.Build.0 = Debug|Any CPU
		{6A42A0EB-4E2F-48E4-9EDD-1DE4995CB711}.Release|Any CPU.ActiveCfg = Release|Any CPU
		{6A42A0EB-4E2F-48E4-9EDD-1DE4995CB711}.Release|Any CPU.Build.0 = Release|Any CPU
		{D6E3C866-C066-4F06-A095-1024A0268435}.Debug|Any CPU.ActiveCfg = Debug|Any CPU
		{D6E3C866-C066-4F06-A095-1024A0268435}.Debug|Any CPU.Build.0 = Debug|Any CPU
		{D6E3C866-C066-4F06-A095-1024A0268435}.Release|Any CPU.ActiveCfg = Release|Any CPU
		{D6E3C866-C066-4F06-A095-1024A0268435}.Release|Any CPU.Build.0 = Release|Any CPU
		{ECA130BF-2F45-4481-AF23-6E3DE79BFC91}.Debug|Any CPU.ActiveCfg = Debug|Any CPU
		{ECA130BF-2F45-4481-AF23-6E3DE79BFC91}.Debug|Any CPU.Build.0 = Debug|Any CPU
		{ECA130BF-2F45-4481-AF23-6E3DE79BFC91}.Release|Any CPU.ActiveCfg = Release|Any CPU
		{ECA130BF-2F45-4481-AF23-6E3DE79BFC91}.Release|Any CPU.Build.0 = Release|Any CPU
		{20BE6F2D-A469-4D0D-B5DF-FA6DAE583B94}.Debug|Any CPU.ActiveCfg = Debug|Any CPU
		{20BE6F2D-A469-4D0D-B5DF-FA6DAE583B94}.Debug|Any CPU.Build.0 = Debug|Any CPU
		{20BE6F2D-A469-4D0D-B5DF-FA6DAE583B94}.Release|Any CPU.ActiveCfg = Release|Any CPU
		{20BE6F2D-A469-4D0D-B5DF-FA6DAE583B94}.Release|Any CPU.Build.0 = Release|Any CPU
		{62346D2C-C211-44C1-BB35-72A55A37C715}.Debug|Any CPU.ActiveCfg = Debug|Any CPU
		{62346D2C-C211-44C1-BB35-72A55A37C715}.Debug|Any CPU.Build.0 = Debug|Any CPU
		{62346D2C-C211-44C1-BB35-72A55A37C715}.Release|Any CPU.ActiveCfg = Release|Any CPU
		{62346D2C-C211-44C1-BB35-72A55A37C715}.Release|Any CPU.Build.0 = Release|Any CPU
		{E1A5E665-F460-4B2A-AF42-6F58A5F33FFB}.Debug|Any CPU.ActiveCfg = Debug|Any CPU
		{E1A5E665-F460-4B2A-AF42-6F58A5F33FFB}.Debug|Any CPU.Build.0 = Debug|Any CPU
		{E1A5E665-F460-4B2A-AF42-6F58A5F33FFB}.Release|Any CPU.ActiveCfg = Release|Any CPU
		{E1A5E665-F460-4B2A-AF42-6F58A5F33FFB}.Release|Any CPU.Build.0 = Release|Any CPU
		{0AD57C21-D3EA-49D4-805B-960B30D61CDD}.Debug|Any CPU.ActiveCfg = Debug|Any CPU
		{0AD57C21-D3EA-49D4-805B-960B30D61CDD}.Debug|Any CPU.Build.0 = Debug|Any CPU
		{0AD57C21-D3EA-49D4-805B-960B30D61CDD}.Release|Any CPU.ActiveCfg = Release|Any CPU
		{0AD57C21-D3EA-49D4-805B-960B30D61CDD}.Release|Any CPU.Build.0 = Release|Any CPU
		{13D0B2DC-D569-42FE-A6AA-7AF2BE6B8F8C}.Debug|Any CPU.ActiveCfg = Debug|Any CPU
		{13D0B2DC-D569-42FE-A6AA-7AF2BE6B8F8C}.Debug|Any CPU.Build.0 = Debug|Any CPU
		{13D0B2DC-D569-42FE-A6AA-7AF2BE6B8F8C}.Release|Any CPU.ActiveCfg = Release|Any CPU
		{13D0B2DC-D569-42FE-A6AA-7AF2BE6B8F8C}.Release|Any CPU.Build.0 = Release|Any CPU
		{E05106B0-F56E-407A-8C69-A42B7C9C50B2}.Debug|Any CPU.ActiveCfg = Debug|Any CPU
		{E05106B0-F56E-407A-8C69-A42B7C9C50B2}.Debug|Any CPU.Build.0 = Debug|Any CPU
		{E05106B0-F56E-407A-8C69-A42B7C9C50B2}.Release|Any CPU.ActiveCfg = Release|Any CPU
		{E05106B0-F56E-407A-8C69-A42B7C9C50B2}.Release|Any CPU.Build.0 = Release|Any CPU
		{063BC74A-37E8-41EB-A008-3E3FE3EA44BF}.Debug|Any CPU.ActiveCfg = Debug|Any CPU
		{063BC74A-37E8-41EB-A008-3E3FE3EA44BF}.Debug|Any CPU.Build.0 = Debug|Any CPU
		{063BC74A-37E8-41EB-A008-3E3FE3EA44BF}.Release|Any CPU.ActiveCfg = Release|Any CPU
		{063BC74A-37E8-41EB-A008-3E3FE3EA44BF}.Release|Any CPU.Build.0 = Release|Any CPU
	EndGlobalSection
	GlobalSection(SolutionProperties) = preSolution
		HideSolutionNode = FALSE
	EndGlobalSection
	GlobalSection(NestedProjects) = preSolution
		{F99CCFBF-3330-4009-9B1F-12B29CF68C46} = {CD39BC36-9C72-47FD-BEEC-272EAF2FD3FF}
		{42A52F5F-64ED-444D-BCFD-6D77016F53C1} = {CD39BC36-9C72-47FD-BEEC-272EAF2FD3FF}
		{E5F82E15-8E55-4E0B-A0A4-57FC110F1E28} = {E35034D9-864E-41AE-9AE3-DD5ED22DF6BD}
		{D323490A-EA45-4913-B6C6-DE7D368F524B} = {CD39BC36-9C72-47FD-BEEC-272EAF2FD3FF}
		{11F746AD-61D7-4069-93DC-2E555F877B4D} = {E35034D9-864E-41AE-9AE3-DD5ED22DF6BD}
		{DC24B974-1607-4D8D-984A-EC4CA2990870} = {A6AD6C49-77FF-49BA-8BEF-9B83B4E411F5}
		{4DF886DB-3834-4351-AFC5-6581872EB3E5} = {CD39BC36-9C72-47FD-BEEC-272EAF2FD3FF}
		{306C33CD-A750-4BB2-97CC-3EB012627352} = {4586BD46-9966-4403-8DD4-33D9E6E25AEC}
		{39017E06-06F2-4F11-A5FC-6EE05F62E234} = {6BFB8565-A28D-4BB0-9B65-99E038BF8522}
		{0FC1C86A-BD3C-4822-B439-887BA4CF3549} = {6BFB8565-A28D-4BB0-9B65-99E038BF8522}
		{27641820-4950-45D6-BE37-89CAE988351F} = {7D016462-6C37-419A-8E2E-3BA4FD507D35}
		{A9DA7CB1-7AF8-4FAC-AF59-1B593A760117} = {6000CE17-0FBD-4E3C-B25E-B14255A0046E}
		{31CAB26D-D9BD-4F93-9A81-74643C1393F9} = {6000CE17-0FBD-4E3C-B25E-B14255A0046E}
		{ACEE5A09-97B5-4063-BB3D-8D94861CEB6C} = {478605C9-D3CB-45CC-A85F-B9A85583DEFB}
		{F27565B8-78CB-47A8-8A4C-D2A69B4D9D28} = {CADCCF6E-3A2F-40B9-B1A5-C7E9E0ED7C28}
		{F82DA595-D12C-4391-9AD0-ED7DA0ADD1F0} = {478605C9-D3CB-45CC-A85F-B9A85583DEFB}
		{BB37B9E7-499C-4509-906D-CE1B6841B7EA} = {02695802-D543-4851-A4D5-0252B86C9189}
		{4FD10822-B7B7-4D76-8E51-AAB0698DA8FD} = {D041A33A-4DE0-45E9-8473-9BB3A3422DB7}
		{7923EB8D-CD1E-4F2E-88BC-D6F508157DC4} = {ABAA1917-A10B-4BDA-AA75-2B8F98D654A8}
		{A4B34FC9-B8CF-4525-A867-875FD4088B96} = {ABAA1917-A10B-4BDA-AA75-2B8F98D654A8}
		{BE82EF2D-2B44-43C8-BF34-A1DFC3853B8E} = {BF3EE28E-CC86-425B-A14F-0B034BFDBD8C}
		{6A42A0EB-4E2F-48E4-9EDD-1DE4995CB711} = {478605C9-D3CB-45CC-A85F-B9A85583DEFB}
		{D6E3C866-C066-4F06-A095-1024A0268435} = {A95AA7B3-B908-4A4B-A7CE-BB3B24AD48CD}
		{6BFB8565-A28D-4BB0-9B65-99E038BF8522} = {CD39BC36-9C72-47FD-BEEC-272EAF2FD3FF}
		{E35034D9-864E-41AE-9AE3-DD5ED22DF6BD} = {CD39BC36-9C72-47FD-BEEC-272EAF2FD3FF}
		{ECA130BF-2F45-4481-AF23-6E3DE79BFC91} = {BF3EE28E-CC86-425B-A14F-0B034BFDBD8C}
		{20BE6F2D-A469-4D0D-B5DF-FA6DAE583B94} = {BF3EE28E-CC86-425B-A14F-0B034BFDBD8C}
		{62346D2C-C211-44C1-BB35-72A55A37C715} = {137CB97E-EB9F-4B49-BD45-423923303A05}
		{E1A5E665-F460-4B2A-AF42-6F58A5F33FFB} = {4586BD46-9966-4403-8DD4-33D9E6E25AEC}
		{0AD57C21-D3EA-49D4-805B-960B30D61CDD} = {BF3EE28E-CC86-425B-A14F-0B034BFDBD8C}
		{13D0B2DC-D569-42FE-A6AA-7AF2BE6B8F8C} = {A95AA7B3-B908-4A4B-A7CE-BB3B24AD48CD}
		{E05106B0-F56E-407A-8C69-A42B7C9C50B2} = {A95AA7B3-B908-4A4B-A7CE-BB3B24AD48CD}
		{063BC74A-37E8-41EB-A008-3E3FE3EA44BF} = {02695802-D543-4851-A4D5-0252B86C9189}
	EndGlobalSection
	GlobalSection(ExtensibilityGlobals) = postSolution
		SolutionGuid = {B1C8637B-A32F-467E-A42D-7E145AE39FAC}
	EndGlobalSection
EndGlobal
